<?xml version="1.0" encoding="utf-8"?>
<Project ToolsVersion="4.0" xmlns="http://schemas.microsoft.com/developer/msbuild/2003">
  <ItemGroup>
    <Filter Include="Source Files">
      <UniqueIdentifier>{4FC737F1-C7A5-4376-A066-2A32D752A2FF}</UniqueIdentifier>
      <Extensions>cpp;c;cc;cxx;c++;cppm;ixx;def;odl;idl;hpj;bat;asm;asmx</Extensions>
    </Filter>
    <Filter Include="Header Files">
      <UniqueIdentifier>{93995380-89BD-4b04-88EB-625FBE52EBFB}</UniqueIdentifier>
      <Extensions>h;hh;hpp;hxx;h++;hm;inl;inc;ipp;xsd</Extensions>
    </Filter>
    <Filter Include="Resource Files">
      <UniqueIdentifier>{67DA6AB6-F800-4c08-8B7A-83BB121AAD01}</UniqueIdentifier>
      <Extensions>rc;ico;cur;bmp;dlg;rc2;rct;bin;rgs;gif;jpg;jpeg;jpe;resx;tiff;tif;png;wav;mfcribbon-ms</Extensions>
    </Filter>
  </ItemGroup>
  <ItemGroup>
    <ClCompile Include="src\Main.cpp">
      <Filter>Source Files</Filter>
    </ClCompile>
    <ClCompile Include="..\Deps\Glad\src\glad.c">
      <Filter>Source Files</Filter>
    </ClCompile>
    <ClCompile Include="src\VertexArray.cpp">
      <Filter>Source Files</Filter>
    </ClCompile>
    <ClCompile Include="src\sbti.cpp">
      <Filter>Source Files</Filter>
    </ClCompile>
    <ClCompile Include="..\Deps\imgui\src\imgui.cpp">
      <Filter>Source Files</Filter>
    </ClCompile>
    <ClCompile Include="..\Deps\imgui\src\imgui_demo.cpp">
      <Filter>Source Files</Filter>
    </ClCompile>
    <ClCompile Include="..\Deps\imgui\src\imgui_draw.cpp">
      <Filter>Source Files</Filter>
    </ClCompile>
    <ClCompile Include="..\Deps\imgui\src\imgui_tables.cpp">
      <Filter>Source Files</Filter>
    </ClCompile>
    <ClCompile Include="..\Deps\imgui\src\imgui_widgets.cpp">
      <Filter>Source Files</Filter>
    </ClCompile>
    <ClCompile Include="..\Deps\imgui\src\imgui_impl_glfw.cpp">
      <Filter>Source Files</Filter>
    </ClCompile>
    <ClCompile Include="..\Deps\imgui\src\imgui_impl_opengl3.cpp">
      <Filter>Source Files</Filter>
    </ClCompile>
    <ClCompile Include="..\Deps\imgui\src\imgui_stdlib.cpp">
      <Filter>Source Files</Filter>
    </ClCompile>
    <ClCompile Include="src\AutoShader.cpp">
      <Filter>Source Files</Filter>
    </ClCompile>
    <ClCompile Include="src\AutoShaderMenu.cpp">
      <Filter>Source Files</Filter>
    </ClCompile>
    <ClCompile Include="src\DebugWindow.cpp">
      <Filter>Source Files</Filter>
    </ClCompile>
    <ClCompile Include="src\TextWidget.cpp">
      <Filter>Source Files</Filter>
    </ClCompile>
  </ItemGroup>
  <ItemGroup>
    <ClInclude Include="src\Camera.h">
      <Filter>Header Files</Filter>
    </ClInclude>
    <ClInclude Include="src\Shader.h">
      <Filter>Header Files</Filter>
    </ClInclude>
    <ClInclude Include="src\VertexBuffer.h">
      <Filter>Header Files</Filter>
    </ClInclude>
    <ClInclude Include="src\VertexBufferLayout.h">
      <Filter>Header Files</Filter>
    </ClInclude>
    <ClInclude Include="src\VertexArray.h">
      <Filter>Header Files</Filter>
    </ClInclude>
    <ClInclude Include="src\Texture.h">
      <Filter>Header Files</Filter>
    </ClInclude>
    <ClInclude Include="src\Box.h">
      <Filter>Header Files</Filter>
    </ClInclude>
    <ClInclude Include="src\Model.h">
      <Filter>Source Files</Filter>
    </ClInclude>
    <ClInclude Include="src\other_camera.h">
      <Filter>Header Files</Filter>
    </ClInclude>
    <ClInclude Include="src\Light.h">
      <Filter>Header Files</Filter>
    </ClInclude>
    <ClInclude Include="src\Locations.h">
      <Filter>Header Files</Filter>
    </ClInclude>
    <ClInclude Include="src\LightingWindow.h">
      <Filter>Header Files</Filter>
    </ClInclude>
    <ClInclude Include="src\Window.h">
      <Filter>Header Files</Filter>
    </ClInclude>
    <ClInclude Include="src\Chapter2Window.h">
      <Filter>Header Files</Filter>
    </ClInclude>
    <ClInclude Include="src\ElementBuffer.h">
      <Filter>Header Files</Filter>
    </ClInclude>
    <ClInclude Include="src\Mesh.h">
      <Filter>Header Files</Filter>
    </ClInclude>
    <ClInclude Include="src\Chapter3Mesh.h">
      <Filter>Header Files</Filter>
    </ClInclude>
    <ClInclude Include="src\Renderer.h">
      <Filter>Header Files</Filter>
    </ClInclude>
    <ClInclude Include="src\Chapter2EBO.h">
      <Filter>Header Files</Filter>
    </ClInclude>
    <ClInclude Include="src\Chapter4Depth.h">
      <Filter>Header Files</Filter>
    </ClInclude>
    <ClInclude Include="src\Chapter4.h">
      <Filter>Header Files</Filter>
    </ClInclude>
    <ClInclude Include="src\Chapter4-Framebuffer.h">
      <Filter>Header Files</Filter>
    </ClInclude>
    <ClInclude Include="src\Framebuffer.h">
      <Filter>Header Files</Filter>
    </ClInclude>
    <ClInclude Include="src\ColorAttachment.h">
      <Filter>Header Files</Filter>
    </ClInclude>
    <ClInclude Include="src\DepthStencilAttachment.h">
      <Filter>Header Files</Filter>
    </ClInclude>
    <ClInclude Include="src\RenderBuffer.h">
      <Filter>Header Files</Filter>
    </ClInclude>
    <ClInclude Include="src\Widget.h">
      <Filter>Header Files</Filter>
    </ClInclude>
    <ClInclude Include="src\AutoShader.h">
      <Filter>Header Files</Filter>
    </ClInclude>
    <ClInclude Include="src\ImGuiDemo.h">
      <Filter>Header Files</Filter>
    </ClInclude>
    <ClInclude Include="src\AutoShaderMenu.h">
      <Filter>Header Files</Filter>
    </ClInclude>
    <ClInclude Include="src\DebugWindow.h">
      <Filter>Header Files</Filter>
    </ClInclude>
    <ClInclude Include="src\TextWidget.h">
      <Filter>Header Files</Filter>
    </ClInclude>
    <ClInclude Include="src\io\IOUtils.h">
      <Filter>Header Files</Filter>
    </ClInclude>
  </ItemGroup>
  <ItemGroup>
    <None Include="shader\color.vert" />
    <None Include="shader\color.frag" />
    <None Include="shader\triangle.vert" />
    <None Include="shader\triangle.frag" />
    <None Include="shader\simple-tex-shader\texture.frag" />
    <None Include="shader\simple-tex-shader\texture.vert" />
    <None Include="shader\tex-shader-with-camera\texture.frag" />
    <None Include="shader\tex-shader-with-camera\texture.vert" />
    <None Include="shader\multilight\colors.frag" />
    <None Include="shader\multilight\colors.vert" />
    <None Include="shader\multilight\lightCube.frag" />
    <None Include="shader\multilight\lightCube.vert" />
    <None Include="shader\model\model_loading.fs" />
    <None Include="shader\model\model_loading.vs" />
    <None Include="shader\triangle\triangle.vert" />
    <None Include="shader\triangle\triangle.frag" />
    <None Include="shader\depth\normal.frag" />
    <None Include="shader\depth\normal.vert" />
    <None Include="shader\depth\depth-viz.frag" />
    <None Include="shader\depth\depth-viz-linear.frag" />
    <None Include="shader\depth\outline.frag" />
    <None Include="shader\depth\outline.vert" />
    <None Include="shader\blend\normal.frag" />
    <None Include="shader\blend\normal.vert" />
    <None Include="shader\blend\window.frag" />
    <None Include="shader\blend\window.vert" />
    <None Include="shader\fb\normal.frag" />
    <None Include="shader\fb\normal.vert" />
    <None Include="shader\fb\frame.frag" />
    <None Include="shader\fb\frame.vert" />
  </ItemGroup>
  <ItemGroup>
    <Image Include="img\container.jpg">
      <Filter>Resource Files</Filter>
    </Image>
    <Image Include="img\container2.png">
      <Filter>Resource Files</Filter>
    </Image>
    <Image Include="img\container2_specular.png">
      <Filter>Resource Files</Filter>
    </Image>
    <Image Include="objects\backpack\ao.jpg">
      <Filter>Resource Files</Filter>
    </Image>
    <Image Include="objects\backpack\diffuse.jpg">
      <Filter>Resource Files</Filter>
    </Image>
    <Image Include="objects\backpack\normal.png">
      <Filter>Resource Files</Filter>
    </Image>
    <Image Include="objects\backpack\roughness.jpg">
      <Filter>Resource Files</Filter>
    </Image>
    <Image Include="objects\backpack\specular.jpg">
      <Filter>Resource Files</Filter>
    </Image>
  </ItemGroup>
</Project>